
Microsoft Visual Studio Solution File, Format Version 12.00
# Visual Studio Version 16
VisualStudioVersion = 16.0.30517.126
MinimumVisualStudioVersion = 10.0.40219.1
Project("{FAE04EC0-301F-11D3-BF4B-00C04F79EFBC}") = "Disconnectedagrument", "Disconnectedagrument\Disconnectedagrument.csproj", "{09987180-1881-4964-B17E-C7460B6FEAEC}"
EndProject
Global
	GlobalSection(SolutionConfigurationPlatforms) = preSolution
		Debug|Any CPU = Debug|Any CPU
		Release|Any CPU = Release|Any CPU
	EndGlobalSection
	GlobalSection(ProjectConfigurationPlatforms) = postSolution
		{09987180-1881-4964-B17E-C7460B6FEAEC}.Debug|Any CPU.ActiveCfg = Debug|Any CPU
		{09987180-1881-4964-B17E-C7460B6FEAEC}.Debug|Any CPU.Build.0 = Debug|Any CPU
		{09987180-1881-4964-B17E-C7460B6FEAEC}.Release|Any CPU.ActiveCfg = Release|Any CPU
		{09987180-1881-4964-B17E-C7460B6FEAEC}.Release|Any CPU.Build.0 = Release|Any CPU
	EndGlobalSection
	GlobalSection(SolutionProperties) = preSolution
		HideSolutionNode = FALSE
	EndGlobalSection
	GlobalSection(ExtensibilityGlobals) = postSolution
		SolutionGuid = {E87CB6AB-6305-4B38-92F9-B167D972844B}
	EndGlobalSection
EndGlobal
